
Microsoft Visual Studio Solution File, Format Version 12.00
# Visual Studio Version 16
VisualStudioVersion = 16.0.30907.101
MinimumVisualStudioVersion = 10.0.40219.1
Project("{FAE04EC0-301F-11D3-BF4B-00C04F79EFBC}") = "Covid-Vaccine-Extractor", "Covid-Vaccine-Extractor.csproj", "{5BE99EFE-863A-406C-AD1A-E4528117932B}"
EndProject
Global
	GlobalSection(SolutionConfigurationPlatforms) = preSolution
		Debug|Any CPU = Debug|Any CPU
		Release|Any CPU = Release|Any CPU
	EndGlobalSection
	GlobalSection(ProjectConfigurationPlatforms) = postSolution
		{5BE99EFE-863A-406C-AD1A-E4528117932B}.Debug|Any CPU.ActiveCfg = Debug|Any CPU
		{5BE99EFE-863A-406C-AD1A-E4528117932B}.Debug|Any CPU.Build.0 = Debug|Any CPU
		{5BE99EFE-863A-406C-AD1A-E4528117932B}.Release|Any CPU.ActiveCfg = Release|Any CPU
		{5BE99EFE-863A-406C-AD1A-E4528117932B}.Release|Any CPU.Build.0 = Release|Any CPU
	EndGlobalSection
	GlobalSection(SolutionProperties) = preSolution
		HideSolutionNode = FALSE
	EndGlobalSection
	GlobalSection(ExtensibilityGlobals) = postSolution
		SolutionGuid = {7D9AAF7D-A745-4707-B1B8-FEB5796569CB}
	EndGlobalSection
EndGlobal
